// !$*UTF8*$!
{
	archiveVersion = 1;
	classes = {
	};
	objectVersion = 50;
	objects = {

/* Begin PBXBuildFile section */
		FD4067AE221128F3006232C4 /* AppDelegate.swift in Sources */ = {isa = PBXBuildFile; fileRef = FD4067AD221128F3006232C4 /* AppDelegate.swift */; };
		FD4067B0221128F3006232C4 /* ViewController.swift in Sources */ = {isa = PBXBuildFile; fileRef = FD4067AF221128F3006232C4 /* ViewController.swift */; };
		FD4067B3221128F3006232C4 /* Main.storyboard in Resources */ = {isa = PBXBuildFile; fileRef = FD4067B1221128F3006232C4 /* Main.storyboard */; };
		FD4067B5221128F3006232C4 /* Assets.xcassets in Resources */ = {isa = PBXBuildFile; fileRef = FD4067B4221128F3006232C4 /* Assets.xcassets */; };
		FD4067B8221128F3006232C4 /* LaunchScreen.storyboard in Resources */ = {isa = PBXBuildFile; fileRef = FD4067B6221128F3006232C4 /* LaunchScreen.storyboard */; };
		FD4067C3221128F3006232C4 /* QFFactoryTests.swift in Sources */ = {isa = PBXBuildFile; fileRef = FD4067C2221128F3006232C4 /* QFFactoryTests.swift */; };
		FD4067CE221128F3006232C4 /* QFFactoryUITests.swift in Sources */ = {isa = PBXBuildFile; fileRef = FD4067CD221128F3006232C4 /* QFFactoryUITests.swift */; };
		FD4067E122112920006232C4 /* OperationSub.swift in Sources */ = {isa = PBXBuildFile; fileRef = FD4067DC22112920006232C4 /* OperationSub.swift */; };
		FD4067E222112920006232C4 /* OperationAdd.swift in Sources */ = {isa = PBXBuildFile; fileRef = FD4067DD22112920006232C4 /* OperationAdd.swift */; };
		FD4067E322112920006232C4 /* OperationMul.swift in Sources */ = {isa = PBXBuildFile; fileRef = FD4067DE22112920006232C4 /* OperationMul.swift */; };
		FD4067E422112920006232C4 /* OperationDiv.swift in Sources */ = {isa = PBXBuildFile; fileRef = FD4067DF22112920006232C4 /* OperationDiv.swift */; };
		FD4067E522112920006232C4 /* Operation.swift in Sources */ = {isa = PBXBuildFile; fileRef = FD4067E022112920006232C4 /* Operation.swift */; };
/* End PBXBuildFile section */

/* Begin PBXContainerItemProxy section */
		FD4067BF221128F3006232C4 /* PBXContainerItemProxy */ = {
			isa = PBXContainerItemProxy;
			containerPortal = FD4067A2221128F3006232C4 /* Project object */;
			proxyType = 1;
			remoteGlobalIDString = FD4067A9221128F3006232C4;
			remoteInfo = QFFactory;
		};
		FD4067CA221128F3006232C4 /* PBXContainerItemProxy */ = {
			isa = PBXContainerItemProxy;
			containerPortal = FD4067A2221128F3006232C4 /* Project object */;
			proxyType = 1;
			remoteGlobalIDString = FD4067A9221128F3006232C4;
			remoteInfo = QFFactory;
		};
/* End PBXContainerItemProxy section */

/* Begin PBXFileReference section */
		FD4067AA221128F3006232C4 /* QFFactory.app */ = {isa = PBXFileReference; explicitFileType = wrapper.application; includeInIndex = 0; path = QFFactory.app; sourceTree = BUILT_PRODUCTS_DIR; };
		FD4067AD221128F3006232C4 /* AppDelegate.swift */ = {isa = PBXFileReference; lastKnownFileType = sourcecode.swift; path = AppDelegate.swift; sourceTree = "<group>"; };
		FD4067AF221128F3006232C4 /* ViewController.swift */ = {isa = PBXFileReference; lastKnownFileType = sourcecode.swift; path = ViewController.swift; sourceTree = "<group>"; };
		FD4067B2221128F3006232C4 /* Base */ = {isa = PBXFileReference; lastKnownFileType = file.storyboard; name = Base; path = Base.lproj/Main.storyboard; sourceTree = "<group>"; };
		FD4067B4221128F3006232C4 /* Assets.xcassets */ = {isa = PBXFileReference; lastKnownFileType = folder.assetcatalog; path = Assets.xcassets; sourceTree = "<group>"; };
		FD4067B7221128F3006232C4 /* Base */ = {isa = PBXFileReference; lastKnownFileType = file.storyboard; name = Base; path = Base.lproj/LaunchScreen.storyboard; sourceTree = "<group>"; };
		FD4067B9221128F3006232C4 /* Info.plist */ = {isa = PBXFileReference; lastKnownFileType = text.plist.xml; path = Info.plist; sourceTree = "<group>"; };
		FD4067BE221128F3006232C4 /* QFFactoryTests.xctest */ = {isa = PBXFileReference; explicitFileType = wrapper.cfbundle; includeInIndex = 0; path = QFFactoryTests.xctest; sourceTree = BUILT_PRODUCTS_DIR; };
		FD4067C2221128F3006232C4 /* QFFactoryTests.swift */ = {isa = PBXFileReference; lastKnownFileType = sourcecode.swift; path = QFFactoryTests.swift; sourceTree = "<group>"; };
		FD4067C4221128F3006232C4 /* Info.plist */ = {isa = PBXFileReference; lastKnownFileType = text.plist.xml; path = Info.plist; sourceTree = "<group>"; };
		FD4067C9221128F3006232C4 /* QFFactoryUITests.xctest */ = {isa = PBXFileReference; explicitFileType = wrapper.cfbundle; includeInIndex = 0; path = QFFactoryUITests.xctest; sourceTree = BUILT_PRODUCTS_DIR; };
		FD4067CD221128F3006232C4 /* QFFactoryUITests.swift */ = {isa = PBXFileReference; lastKnownFileType = sourcecode.swift; path = QFFactoryUITests.swift; sourceTree = "<group>"; };
		FD4067CF221128F3006232C4 /* Info.plist */ = {isa = PBXFileReference; lastKnownFileType = text.plist.xml; path = Info.plist; sourceTree = "<group>"; };
		FD4067DC22112920006232C4 /* OperationSub.swift */ = {isa = PBXFileReference; fileEncoding = 4; lastKnownFileType = sourcecode.swift; path = OperationSub.swift; sourceTree = "<group>"; };
		FD4067DD22112920006232C4 /* OperationAdd.swift */ = {isa = PBXFileReference; fileEncoding = 4; lastKnownFileType = sourcecode.swift; path = OperationAdd.swift; sourceTree = "<group>"; };
		FD4067DE22112920006232C4 /* OperationMul.swift */ = {isa = PBXFileReference; fileEncoding = 4; lastKnownFileType = sourcecode.swift; path = OperationMul.swift; sourceTree = "<group>"; };
		FD4067DF22112920006232C4 /* OperationDiv.swift */ = {isa = PBXFileReference; fileEncoding = 4; lastKnownFileType = sourcecode.swift; path = OperationDiv.swift; sourceTree = "<group>"; };
		FD4067E022112920006232C4 /* Operation.swift */ = {isa = PBXFileReference; fileEncoding = 4; lastKnownFileType = sourcecode.swift; path = Operation.swift; sourceTree = "<group>"; };
/* End PBXFileReference section */

/* Begin PBXFrameworksBuildPhase section */
		FD4067A7221128F3006232C4 /* Frameworks */ = {
			isa = PBXFrameworksBuildPhase;
			buildActionMask = 2147483647;
			files = (
			);
			runOnlyForDeploymentPostprocessing = 0;
		};
		FD4067BB221128F3006232C4 /* Frameworks */ = {
			isa = PBXFrameworksBuildPhase;
			buildActionMask = 2147483647;
			files = (
			);
			runOnlyForDeploymentPostprocessing = 0;
		};
		FD4067C6221128F3006232C4 /* Frameworks */ = {
			isa = PBXFrameworksBuildPhase;
			buildActionMask = 2147483647;
			files = (
			);
			runOnlyForDeploymentPostprocessing = 0;
		};
/* End PBXFrameworksBuildPhase section */

/* Begin PBXGroup section */
		FD4067A1221128F3006232C4 = {
			isa = PBXGroup;
			children = (
				FD4067AC221128F3006232C4 /* QFFactory */,
				FD4067C1221128F3006232C4 /* QFFactoryTests */,
				FD4067CC221128F3006232C4 /* QFFactoryUITests */,
				FD4067AB221128F3006232C4 /* Products */,
			);
			sourceTree = "<group>";
		};
		FD4067AB221128F3006232C4 /* Products */ = {
			isa = PBXGroup;
			children = (
				FD4067AA221128F3006232C4 /* QFFactory.app */,
				FD4067BE221128F3006232C4 /* QFFactoryTests.xctest */,
				FD4067C9221128F3006232C4 /* QFFactoryUITests.xctest */,
			);
			name = Products;
			sourceTree = "<group>";
		};
		FD4067AC221128F3006232C4 /* QFFactory */ = {
			isa = PBXGroup;
			children = (
				FD4067DB22112920006232C4 /* Operations */,
				FD4067AD221128F3006232C4 /* AppDelegate.swift */,
				FD4067AF221128F3006232C4 /* ViewController.swift */,
				FD4067B1221128F3006232C4 /* Main.storyboard */,
				FD4067B4221128F3006232C4 /* Assets.xcassets */,
				FD4067B6221128F3006232C4 /* LaunchScreen.storyboard */,
				FD4067B9221128F3006232C4 /* Info.plist */,
			);
			path = QFFactory;
			sourceTree = "<group>";
		};
		FD4067C1221128F3006232C4 /* QFFactoryTests */ = {
			isa = PBXGroup;
			children = (
				FD4067C2221128F3006232C4 /* QFFactoryTests.swift */,
				FD4067C4221128F3006232C4 /* Info.plist */,
			);
			path = QFFactoryTests;
			sourceTree = "<group>";
		};
		FD4067CC221128F3006232C4 /* QFFactoryUITests */ = {
			isa = PBXGroup;
			children = (
				FD4067CD221128F3006232C4 /* QFFactoryUITests.swift */,
				FD4067CF221128F3006232C4 /* Info.plist */,
			);
			path = QFFactoryUITests;
			sourceTree = "<group>";
		};
		FD4067DB22112920006232C4 /* Operations */ = {
			isa = PBXGroup;
			children = (
				FD4067DC22112920006232C4 /* OperationSub.swift */,
				FD4067DD22112920006232C4 /* OperationAdd.swift */,
				FD4067DE22112920006232C4 /* OperationMul.swift */,
				FD4067DF22112920006232C4 /* OperationDiv.swift */,
				FD4067E022112920006232C4 /* Operation.swift */,
			);
			path = Operations;
			sourceTree = "<group>";
		};
/* End PBXGroup section */

/* Begin PBXNativeTarget section */
		FD4067A9221128F3006232C4 /* QFFactory */ = {
			isa = PBXNativeTarget;
			buildConfigurationList = FD4067D2221128F3006232C4 /* Build configuration list for PBXNativeTarget "QFFactory" */;
			buildPhases = (
				FD4067A6221128F3006232C4 /* Sources */,
				FD4067A7221128F3006232C4 /* Frameworks */,
				FD4067A8221128F3006232C4 /* Resources */,
			);
			buildRules = (
			);
			dependencies = (
			);
			name = QFFactory;
			productName = QFFactory;
			productReference = FD4067AA221128F3006232C4 /* QFFactory.app */;
			productType = "com.apple.product-type.application";
		};
		FD4067BD221128F3006232C4 /* QFFactoryTests */ = {
			isa = PBXNativeTarget;
			buildConfigurationList = FD4067D5221128F3006232C4 /* Build configuration list for PBXNativeTarget "QFFactoryTests" */;
			buildPhases = (
				FD4067BA221128F3006232C4 /* Sources */,
				FD4067BB221128F3006232C4 /* Frameworks */,
				FD4067BC221128F3006232C4 /* Resources */,
			);
			buildRules = (
			);
			dependencies = (
				FD4067C0221128F3006232C4 /* PBXTargetDependency */,
			);
			name = QFFactoryTests;
			productName = QFFactoryTests;
			productReference = FD4067BE221128F3006232C4 /* QFFactoryTests.xctest */;
			productType = "com.apple.product-type.bundle.unit-test";
		};
		FD4067C8221128F3006232C4 /* QFFactoryUITests */ = {
			isa = PBXNativeTarget;
			buildConfigurationList = FD4067D8221128F3006232C4 /* Build configuration list for PBXNativeTarget "QFFactoryUITests" */;
			buildPhases = (
				FD4067C5221128F3006232C4 /* Sources */,
				FD4067C6221128F3006232C4 /* Frameworks */,
				FD4067C7221128F3006232C4 /* Resources */,
			);
			buildRules = (
			);
			dependencies = (
				FD4067CB221128F3006232C4 /* PBXTargetDependency */,
			);
			name = QFFactoryUITests;
			productName = QFFactoryUITests;
			productReference = FD4067C9221128F3006232C4 /* QFFactoryUITests.xctest */;
			productType = "com.apple.product-type.bundle.ui-testing";
		};
/* End PBXNativeTarget section */

/* Begin PBXProject section */
		FD4067A2221128F3006232C4 /* Project object */ = {
			isa = PBXProject;
			attributes = {
				LastSwiftUpdateCheck = 1010;
				LastUpgradeCheck = 1010;
				ORGANIZATIONNAME = qingfengiOS;
				TargetAttributes = {
					FD4067A9221128F3006232C4 = {
						CreatedOnToolsVersion = 10.1;
					};
					FD4067BD221128F3006232C4 = {
						CreatedOnToolsVersion = 10.1;
						TestTargetID = FD4067A9221128F3006232C4;
					};
					FD4067C8221128F3006232C4 = {
						CreatedOnToolsVersion = 10.1;
						TestTargetID = FD4067A9221128F3006232C4;
					};
				};
			};
			buildConfigurationList = FD4067A5221128F3006232C4 /* Build configuration list for PBXProject "QFFactory" */;
			compatibilityVersion = "Xcode 9.3";
			developmentRegion = en;
			hasScannedForEncodings = 0;
			knownRegions = (
				en,
				Base,
			);
			mainGroup = FD4067A1221128F3006232C4;
			productRefGroup = FD4067AB221128F3006232C4 /* Products */;
			projectDirPath = "";
			projectRoot = "";
			targets = (
				FD4067A9221128F3006232C4 /* QFFactory */,
				FD4067BD221128F3006232C4 /* QFFactoryTests */,
				FD4067C8221128F3006232C4 /* QFFactoryUITests */,
			);
		};
/* End PBXProject section */

/* Begin PBXResourcesBuildPhase section */
		FD4067A8221128F3006232C4 /* Resources */ = {
			isa = PBXResourcesBuildPhase;
			buildActionMask = 2147483647;
			files = (
				FD4067B8221128F3006232C4 /* LaunchScreen.storyboard in Resources */,
				FD4067B5221128F3006232C4 /* Assets.xcassets in Resources */,
				FD4067B3221128F3006232C4 /* Main.storyboard in Resources */,
			);
			runOnlyForDeploymentPostprocessing = 0;
		};
		FD4067BC221128F3006232C4 /* Resources */ = {
			isa = PBXResourcesBuildPhase;
			buildActionMask = 2147483647;
			files = (
			);
			runOnlyForDeploymentPostprocessing = 0;
		};
		FD4067C7221128F3006232C4 /* Resources */ = {
			isa = PBXResourcesBuildPhase;
			buildActionMask = 2147483647;
			files = (
			);
			runOnlyForDeploymentPostprocessing = 0;
		};
/* End PBXResourcesBuildPhase section */

/* Begin PBXSourcesBuildPhase section */
		FD4067A6221128F3006232C4 /* Sources */ = {
			isa = PBXSourcesBuildPhase;
			buildActionMask = 2147483647;
			files = (
				FD4067E122112920006232C4 /* OperationSub.swift in Sources */,
				FD4067E522112920006232C4 /* Operation.swift in Sources */,
				FD4067B0221128F3006232C4 /* ViewController.swift in Sources */,
				FD4067AE221128F3006232C4 /* AppDelegate.swift in Sources */,
				FD4067E422112920006232C4 /* OperationDiv.swift in Sources */,
				FD4067E322112920006232C4 /* OperationMul.swift in Sources */,
				FD4067E222112920006232C4 /* OperationAdd.swift in Sources */,
			);
			runOnlyForDeploymentPostprocessing = 0;
		};
		FD4067BA221128F3006232C4 /* Sources */ = {
			isa = PBXSourcesBuildPhase;
			buildActionMask = 2147483647;
			files = (
				FD4067C3221128F3006232C4 /* QFFactoryTests.swift in Sources */,
			);
			runOnlyForDeploymentPostprocessing = 0;
		};
		FD4067C5221128F3006232C4 /* Sources */ = {
			isa = PBXSourcesBuildPhase;
			buildActionMask = 2147483647;
			files = (
				FD4067CE221128F3006232C4 /* QFFactoryUITests.swift in Sources */,
			);
			runOnlyForDeploymentPostprocessing = 0;
		};
/* End PBXSourcesBuildPhase section */

/* Begin PBXTargetDependency section */
		FD4067C0221128F3006232C4 /* PBXTargetDependency */ = {
			isa = PBXTargetDependency;
			target = FD4067A9221128F3006232C4 /* QFFactory */;
			targetProxy = FD4067BF221128F3006232C4 /* PBXContainerItemProxy */;
		};
		FD4067CB221128F3006232C4 /* PBXTargetDependency */ = {
			isa = PBXTargetDependency;
			target = FD4067A9221128F3006232C4 /* QFFactory */;
			targetProxy = FD4067CA221128F3006232C4 /* PBXContainerItemProxy */;
		};
/* End PBXTargetDependency section */

/* Begin PBXVariantGroup section */
		FD4067B1221128F3006232C4 /* Main.storyboard */ = {
			isa = PBXVariantGroup;
			children = (
				FD4067B2221128F3006232C4 /* Base */,
			);
			name = Main.storyboard;
			sourceTree = "<group>";
		};
		FD4067B6221128F3006232C4 /* LaunchScreen.storyboard */ = {
			isa = PBXVariantGroup;
			children = (
				FD4067B7221128F3006232C4 /* Base */,
			);
			name = LaunchScreen.storyboard;
			sourceTree = "<group>";
		};
/* End PBXVariantGroup section */

/* Begin XCBuildConfiguration section */
		FD4067D0221128F3006232C4 /* Debug */ = {
			isa = XCBuildConfiguration;
			buildSettings = {
				ALWAYS_SEARCH_USER_PATHS = NO;
				CLANG_ANALYZER_NONNULL = YES;
				CLANG_ANALYZER_NUMBER_OBJECT_CONVERSION = YES_AGGRESSIVE;
				CLANG_CXX_LANGUAGE_STANDARD = "gnu++14";
				CLANG_CXX_LIBRARY = "libc++";
				CLANG_ENABLE_MODULES = YES;
				CLANG_ENABLE_OBJC_ARC = YES;
				CLANG_ENABLE_OBJC_WEAK = YES;
				CLANG_WARN_BLOCK_CAPTURE_AUTORELEASING = YES;
				CLANG_WARN_BOOL_CONVERSION = YES;
				CLANG_WARN_COMMA = YES;
				CLANG_WARN_CONSTANT_CONVERSION = YES;
				CLANG_WARN_DEPRECATED_OBJC_IMPLEMENTATIONS = YES;
				CLANG_WARN_DIRECT_OBJC_ISA_USAGE = YES_ERROR;
				CLANG_WARN_DOCUMENTATION_COMMENTS = YES;
				CLANG_WARN_EMPTY_BODY = YES;
				CLANG_WARN_ENUM_CONVERSION = YES;
				CLANG_WARN_INFINITE_RECURSION = YES;
				CLANG_WARN_INT_CONVERSION = YES;
				CLANG_WARN_NON_LITERAL_NULL_CONVERSION = YES;
				CLANG_WARN_OBJC_IMPLICIT_RETAIN_SELF = YES;
				CLANG_WARN_OBJC_LITERAL_CONVERSION = YES;
				CLANG_WARN_OBJC_ROOT_CLASS = YES_ERROR;
				CLANG_WARN_RANGE_LOOP_ANALYSIS = YES;
				CLANG_WARN_STRICT_PROTOTYPES = YES;
				CLANG_WARN_SUSPICIOUS_MOVE = YES;
				CLANG_WARN_UNGUARDED_AVAILABILITY = YES_AGGRESSIVE;
				CLANG_WARN_UNREACHABLE_CODE = YES;
				CLANG_WARN__DUPLICATE_METHOD_MATCH = YES;
				CODE_SIGN_IDENTITY = "iPhone Developer";
				COPY_PHASE_STRIP = NO;
				DEBUG_INFORMATION_FORMAT = dwarf;
				ENABLE_STRICT_OBJC_MSGSEND = YES;
				ENABLE_TESTABILITY = YES;
				GCC_C_LANGUAGE_STANDARD = gnu11;
				GCC_DYNAMIC_NO_PIC = NO;
				GCC_NO_COMMON_BLOCKS = YES;
				GCC_OPTIMIZATION_LEVEL = 0;
				GCC_PREPROCESSOR_DEFINITIONS = (
					"DEBUG=1",
					"$(inherited)",
				);
				GCC_WARN_64_TO_32_BIT_CONVERSION = YES;
				GCC_WARN_ABOUT_RETURN_TYPE = YES_ERROR;
				GCC_WARN_UNDECLARED_SELECTOR = YES;
				GCC_WARN_UNINITIALIZED_AUTOS = YES_AGGRESSIVE;
				GCC_WARN_UNUSED_FUNCTION = YES;
				GCC_WARN_UNUSED_VARIABLE = YES;
				IPHONEOS_DEPLOYMENT_TARGET = 12.1;
				MTL_ENABLE_DEBUG_INFO = INCLUDE_SOURCE;
				MTL_FAST_MATH = YES;
				ONLY_ACTIVE_ARCH = YES;
				SDKROOT = iphoneos;
				SWIFT_ACTIVE_COMPILATION_CONDITIONS = DEBUG;
				SWIFT_OPTIMIZATION_LEVEL = "-Onone";
			};
			name = Debug;
		};
		FD4067D1221128F3006232C4 /* Release */ = {
			isa = XCBuildConfiguration;
			buildSettings = {
				ALWAYS_SEARCH_USER_PATHS = NO;
				CLANG_ANALYZER_NONNULL = YES;
				CLANG_ANALYZER_NUMBER_OBJECT_CONVERSION = YES_AGGRESSIVE;
				CLANG_CXX_LANGUAGE_STANDARD = "gnu++14";
				CLANG_CXX_LIBRARY = "libc++";
				CLANG_ENABLE_MODULES = YES;
				CLANG_ENABLE_OBJC_ARC = YES;
				CLANG_ENABLE_OBJC_WEAK = YES;
				CLANG_WARN_BLOCK_CAPTURE_AUTORELEASING = YES;
				CLANG_WARN_BOOL_CONVERSION = YES;
				CLANG_WARN_COMMA = YES;
				CLANG_WARN_CONSTANT_CONVERSION = YES;
				CLANG_WARN_DEPRECATED_OBJC_IMPLEMENTATIONS = YES;
				CLANG_WARN_DIRECT_OBJC_ISA_USAGE = YES_ERROR;
				CLANG_WARN_DOCUMENTATION_COMMENTS = YES;
				CLANG_WARN_EMPTY_BODY = YES;
				CLANG_WARN_ENUM_CONVERSION = YES;
				CLANG_WARN_INFINITE_RECURSION = YES;
				CLANG_WARN_INT_CONVERSION = YES;
				CLANG_WARN_NON_LITERAL_NULL_CONVERSION = YES;
				CLANG_WARN_OBJC_IMPLICIT_RETAIN_SELF = YES;
				CLANG_WARN_OBJC_LITERAL_CONVERSION = YES;
				CLANG_WARN_OBJC_ROOT_CLASS = YES_ERROR;
				CLANG_WARN_RANGE_LOOP_ANALYSIS = YES;
				CLANG_WARN_STRICT_PROTOTYPES = YES;
				CLANG_WARN_SUSPICIOUS_MOVE = YES;
				CLANG_WARN_UNGUARDED_AVAILABILITY = YES_AGGRESSIVE;
				CLANG_WARN_UNREACHABLE_CODE = YES;
				CLANG_WARN__DUPLICATE_METHOD_MATCH = YES;
				CODE_SIGN_IDENTITY = "iPhone Developer";
				COPY_PHASE_STRIP = NO;
				DEBUG_INFORMATION_FORMAT = "dwarf-with-dsym";
				ENABLE_NS_ASSERTIONS = NO;
				ENABLE_STRICT_OBJC_MSGSEND = YES;
				GCC_C_LANGUAGE_STANDARD = gnu11;
				GCC_NO_COMMON_BLOCKS = YES;
				GCC_WARN_64_TO_32_BIT_CONVERSION = YES;
				GCC_WARN_ABOUT_RETURN_TYPE = YES_ERROR;
				GCC_WARN_UNDECLARED_SELECTOR = YES;
				GCC_WARN_UNINITIALIZED_AUTOS = YES_AGGRESSIVE;
				GCC_WARN_UNUSED_FUNCTION = YES;
				GCC_WARN_UNUSED_VARIABLE = YES;
				IPHONEOS_DEPLOYMENT_TARGET = 12.1;
				MTL_ENABLE_DEBUG_INFO = NO;
				MTL_FAST_MATH = YES;
				SDKROOT = iphoneos;
				SWIFT_COMPILATION_MODE = wholemodule;
				SWIFT_OPTIMIZATION_LEVEL = "-O";
				VALIDATE_PRODUCT = YES;
			};
			name = Release;
		};
		FD4067D3221128F3006232C4 /* Debug */ = {
			isa = XCBuildConfiguration;
			buildSettings = {
				ASSETCATALOG_COMPILER_APPICON_NAME = AppIcon;
				CODE_SIGN_STYLE = Automatic;
				DEVELOPMENT_TEAM = "";
				INFOPLIST_FILE = QFFactory/Info.plist;
				IPHONEOS_DEPLOYMENT_TARGET = 9.0;
				LD_RUNPATH_SEARCH_PATHS = (
					"$(inherited)",
					"@executable_path/Frameworks",
				);
				PRODUCT_BUNDLE_IDENTIFIER = com.qingfeng.www.QFFactory;
				PRODUCT_NAME = "$(TARGET_NAME)";
				SWIFT_VERSION = 4.2;
				TARGETED_DEVICE_FAMILY = "1,2";
			};
			name = Debug;
		};
		FD4067D4221128F3006232C4 /* Release */ = {
			isa = XCBuildConfiguration;
			buildSettings = {
				ASSETCATALOG_COMPILER_APPICON_NAME = AppIcon;
				CODE_SIGN_STYLE = Automatic;
				DEVELOPMENT_TEAM = "";
				INFOPLIST_FILE = QFFactory/Info.plist;
				IPHONEOS_DEPLOYMENT_TARGET = 9.0;
				LD_RUNPATH_SEARCH_PATHS = (
					"$(inherited)",
					"@executable_path/Frameworks",
				);
				PRODUCT_BUNDLE_IDENTIFIER = com.qingfeng.www.QFFactory;
				PRODUCT_NAME = "$(TARGET_NAME)";
				SWIFT_VERSION = 4.2;
				TARGETED_DEVICE_FAMILY = "1,2";
			};
			name = Release;
		};
		FD4067D6221128F3006232C4 /* Debug */ = {
			isa = XCBuildConfiguration;
			buildSettings = {
				ALWAYS_EMBED_SWIFT_STANDARD_LIBRARIES = YES;
				BUNDLE_LOADER = "$(TEST_HOST)";
				CODE_SIGN_STYLE = Automatic;
				INFOPLIST_FILE = QFFactoryTests/Info.plist;
				LD_RUNPATH_SEARCH_PATHS = (
					"$(inherited)",
					"@executable_path/Frameworks",
					"@loader_path/Frameworks",
				);
				PRODUCT_BUNDLE_IDENTIFIER = com.qingfeng.www.QFFactoryTests;
				PRODUCT_NAME = "$(TARGET_NAME)";
				SWIFT_VERSION = 4.2;
				TARGETED_DEVICE_FAMILY = "1,2";
				TEST_HOST = "$(BUILT_PRODUCTS_DIR)/QFFactory.app/QFFactory";
			};
			name = Debug;
		};
		FD4067D7221128F3006232C4 /* Release */ = {
			isa = XCBuildConfiguration;
			buildSettings = {
				ALWAYS_EMBED_SWIFT_STANDARD_LIBRARIES = YES;
				BUNDLE_LOADER = "$(TEST_HOST)";
				CODE_SIGN_STYLE = Automatic;
				INFOPLIST_FILE = QFFactoryTests/Info.plist;
				LD_RUNPATH_SEARCH_PATHS = (
					"$(inherited)",
					"@executable_path/Frameworks",
					"@loader_path/Frameworks",
				);
				PRODUCT_BUNDLE_IDENTIFIER = com.qingfeng.www.QFFactoryTests;
				PRODUCT_NAME = "$(TARGET_NAME)";
				SWIFT_VERSION = 4.2;
				TARGETED_DEVICE_FAMILY = "1,2";
				TEST_HOST = "$(BUILT_PRODUCTS_DIR)/QFFactory.app/QFFactory";
			};
			name = Release;
		};
		FD4067D9221128F3006232C4 /* Debug */ = {
			isa = XCBuildConfiguration;
			buildSettings = {
				ALWAYS_EMBED_SWIFT_STANDARD_LIBRARIES = YES;
				CODE_SIGN_STYLE = Automatic;
				INFOPLIST_FILE = QFFactoryUITests/Info.plist;
				LD_RUNPATH_SEARCH_PATHS = (
					"$(inherited)",
					"@executable_path/Frameworks",
					"@loader_path/Frameworks",
				);
				PRODUCT_BUNDLE_IDENTIFIER = com.qingfeng.www.QFFactoryUITests;
				PRODUCT_NAME = "$(TARGET_NAME)";
				SWIFT_VERSION = 4.2;
				TARGETED_DEVICE_FAMILY = "1,2";
				TEST_TARGET_NAME = QFFactory;
			};
			name = Debug;
		};
		FD4067DA221128F3006232C4 /* Release */ = {
			isa = XCBuildConfiguration;
			buildSettings = {
				ALWAYS_EMBED_SWIFT_STANDARD_LIBRARIES = YES;
				CODE_SIGN_STYLE = Automatic;
				INFOPLIST_FILE = QFFactoryUITests/Info.plist;
				LD_RUNPATH_SEARCH_PATHS = (
					"$(inherited)",
					"@executable_path/Frameworks",
					"@loader_path/Frameworks",
				);
				PRODUCT_BUNDLE_IDENTIFIER = com.qingfeng.www.QFFactoryUITests;
				PRODUCT_NAME = "$(TARGET_NAME)";
				SWIFT_VERSION = 4.2;
				TARGETED_DEVICE_FAMILY = "1,2";
				TEST_TARGET_NAME = QFFactory;
			};
			name = Release;
		};
/* End XCBuildConfiguration section */

/* Begin XCConfigurationList section */
		FD4067A5221128F3006232C4 /* Build configuration list for PBXProject "QFFactory" */ = {
			isa = XCConfigurationList;
			buildConfigurations = (
				FD4067D0221128F3006232C4 /* Debug */,
				FD4067D1221128F3006232C4 /* Release */,
			);
			defaultConfigurationIsVisible = 0;
			defaultConfigurationName = Release;
		};
		FD4067D2221128F3006232C4 /* Build configuration list for PBXNativeTarget "QFFactory" */ = {
			isa = XCConfigurationList;
			buildConfigurations = (
				FD4067D3221128F3006232C4 /* Debug */,
				FD4067D4221128F3006232C4 /* Release */,
			);
			defaultConfigurationIsVisible = 0;
			defaultConfigurationName = Release;
		};
		FD4067D5221128F3006232C4 /* Build configuration list for PBXNativeTarget "QFFactoryTests" */ = {
			isa = XCConfigurationList;
			buildConfigurations = (
				FD4067D6221128F3006232C4 /* Debug */,
				FD4067D7221128F3006232C4 /* Release */,
			);
			defaultConfigurationIsVisible = 0;
			defaultConfigurationName = Release;
		};
		FD4067D8221128F3006232C4 /* Build configuration list for PBXNativeTarget "QFFactoryUITests" */ = {
			isa = XCConfigurationList;
			buildConfigurations = (
				FD4067D9221128F3006232C4 /* Debug */,
				FD4067DA221128F3006232C4 /* Release */,
			);
			defaultConfigurationIsVisible = 0;
			defaultConfigurationName = Release;
		};
/* End XCConfigurationList section */
	};
	rootObject = FD4067A2221128F3006232C4 /* Project object */;
}
